<?xml version="1.0" encoding="utf-8"?>
<Project ToolsVersion="4.0" xmlns="http://schemas.microsoft.com/developer/msbuild/2003">
  <ItemGroup>
    <Filter Include="Classes">
      <UniqueIdentifier>{fc5cb953-2953-4968-83b3-39e3ff951754}</UniqueIdentifier>
    </Filter>
    <Filter Include="win32">
      <UniqueIdentifier>{037a9a02-b906-4cc5-ad98-304acd4e25ee}</UniqueIdentifier>
    </Filter>
    <Filter Include="resource">
      <UniqueIdentifier>{2d1d0979-58cd-4ab6-b91c-13650158f1fa}</UniqueIdentifier>
    </Filter>
    <Filter Include="Classes\Utils">
      <UniqueIdentifier>{60b4111d-7f6e-489c-a4f5-d20dc031c581}</UniqueIdentifier>
    </Filter>
    <Filter Include="Classes\LuaUserBindings">
      <UniqueIdentifier>{f19930c6-6a88-49e6-af37-1ad98edac526}</UniqueIdentifier>
    </Filter>
  </ItemGroup>
  <ItemGroup>
    <ClInclude Include="..\Classes\AppDelegate.h">
      <Filter>Classes</Filter>
    </ClInclude>
    <ClInclude Include="main.h">
      <Filter>win32</Filter>
    </ClInclude>
    <ClInclude Include="resource.h" />
    <ClInclude Include="SimulatorWin.h" />
    <ClInclude Include="stdafx.h">
      <Filter>win32</Filter>
    </ClInclude>
    <ClInclude Include="targetver.h">
      <Filter>win32</Filter>
    </ClInclude>
    <ClInclude Include="..\Classes\LuaUserBindings\lua_binding_manual.h">
      <Filter>Classes\LuaUserBindings</Filter>
    </ClInclude>
    <ClInclude Include="..\Classes\LuaUserBindings\lua_scripting_auto.hpp">
      <Filter>Classes\LuaUserBindings</Filter>
    </ClInclude>
    <ClInclude Include="..\Classes\LuaUserBindings\LuaCustomConversions.h">
      <Filter>Classes\LuaUserBindings</Filter>
    </ClInclude>
    <ClInclude Include="..\Classes\Utils\YWCsvParser.h">
      <Filter>Classes\Utils</Filter>
    </ClInclude>
    <ClInclude Include="..\Classes\Utils\YWStrUtil.h">
      <Filter>Classes\Utils</Filter>
    </ClInclude>
  </ItemGroup>
  <ItemGroup>
    <ClCompile Include="..\Classes\AppDelegate.cpp">
      <Filter>Classes</Filter>
    </ClCompile>
    <ClCompile Include="main.cpp">
      <Filter>win32</Filter>
    </ClCompile>
    <ClCompile Include="SimulatorWin.cpp" />
    <ClCompile Include="stdafx.cpp">
      <Filter>win32</Filter>
    </ClCompile>
    <ClCompile Include="..\Classes\LuaUserBindings\lua_scripting_auto.cpp">
      <Filter>Classes\LuaUserBindings</Filter>
    </ClCompile>
    <ClCompile Include="..\Classes\LuaUserBindings\LuaCustomConversions.cpp">
      <Filter>Classes\LuaUserBindings</Filter>
    </ClCompile>
    <ClCompile Include="..\Classes\LuaUserBindings\lua_binding_manual.cpp">
      <Filter>Classes\LuaUserBindings</Filter>
    </ClCompile>
    <ClCompile Include="..\Classes\Utils\YWStrUtil.cpp">
      <Filter>Classes\Utils</Filter>
    </ClCompile>
    <ClCompile Include="..\Classes\Utils\YWCsvparser.cpp">
      <Filter>Classes\Utils</Filter>
    </ClCompile>
  </ItemGroup>
  <ItemGroup>
    <ResourceCompile Include="game.rc">
      <Filter>resource</Filter>
    </ResourceCompile>
  </ItemGroup>
  <ItemGroup>
    <Image Include="res\game.ico" />
  </ItemGroup>
</Project>